
Microsoft Visual Studio Solution File, Format Version 12.00
# Visual Studio Version 17
VisualStudioVersion = 17.0.31903.59
MinimumVisualStudioVersion = 10.0.40219.1
Project("{FAE04EC0-301F-11D3-BF4B-00C04F79EFBC}") = "Unity.API", "Unity.API\Unity.API.csproj", "{4949BBF3-4339-4977-A033-68D7CC2F982D}"
EndProject
Project("{FAE04EC0-301F-11D3-BF4B-00C04F79EFBC}") = "Unity.Core", "Unity.Core\Unity.Core.csproj", "{7CFAE063-8822-4D97-906D-15201BC94033}"
EndProject
Project("{FAE04EC0-301F-11D3-BF4B-00C04F79EFBC}") = "Unity.Infrastructure", "Unity.Infrastructure\Unity.Infrastructure.csproj", "{3CFAE063-8822-4D97-906D-15201BC94044}"
EndProject
Project("{FAE04EC0-301F-11D3-BF4B-00C04F79EFBC}") = "DebugApp", "DebugApp\DebugApp.csproj", "{9CFAE063-8822-4D97-906D-15201BC94055}"
EndProject
Project("{FAE04EC0-301F-11D3-BF4B-00C04F79EFBC}") = "EmailVerification", "EmailVerification\EmailVerification.csproj", "{BCFAE063-8822-4D97-906D-15201BC94066}"
EndProject
Project("{FAE04EC0-301F-11D3-BF4B-00C04F79EFBC}") = "LogInspector", "LogInspector\LogInspector.csproj", "{CCFAE063-8822-4D97-906D-15201BC94077}"
EndProject
Global
	GlobalSection(SolutionConfigurationPlatforms) = preSolution
		Debug|Any CPU = Debug|Any CPU
		Release|Any CPU = Release|Any CPU
	EndGlobalSection
	GlobalSection(ProjectConfigurationPlatforms) = postSolution
		{4949BBF3-4339-4977-A033-68D7CC2F982D}.Debug|Any CPU.ActiveCfg = Debug|Any CPU
		{4949BBF3-4339-4977-A033-68D7CC2F982D}.Debug|Any CPU.Build.0 = Debug|Any CPU
		{4949BBF3-4339-4977-A033-68D7CC2F982D}.Release|Any CPU.ActiveCfg = Release|Any CPU
		{4949BBF3-4339-4977-A033-68D7CC2F982D}.Release|Any CPU.Build.0 = Release|Any CPU
		{7CFAE063-8822-4D97-906D-15201BC94033}.Debug|Any CPU.ActiveCfg = Debug|Any CPU
		{7CFAE063-8822-4D97-906D-15201BC94033}.Debug|Any CPU.Build.0 = Debug|Any CPU
		{7CFAE063-8822-4D97-906D-15201BC94033}.Release|Any CPU.ActiveCfg = Release|Any CPU
		{7CFAE063-8822-4D97-906D-15201BC94033}.Release|Any CPU.Build.0 = Release|Any CPU
		{3CFAE063-8822-4D97-906D-15201BC94044}.Debug|Any CPU.ActiveCfg = Debug|Any CPU
		{3CFAE063-8822-4D97-906D-15201BC94044}.Debug|Any CPU.Build.0 = Debug|Any CPU
		{3CFAE063-8822-4D97-906D-15201BC94044}.Release|Any CPU.ActiveCfg = Release|Any CPU
		{3CFAE063-8822-4D97-906D-15201BC94044}.Release|Any CPU.Build.0 = Release|Any CPU
		{9CFAE063-8822-4D97-906D-15201BC94055}.Debug|Any CPU.ActiveCfg = Debug|Any CPU
		{9CFAE063-8822-4D97-906D-15201BC94055}.Debug|Any CPU.Build.0 = Debug|Any CPU
		{9CFAE063-8822-4D97-906D-15201BC94055}.Release|Any CPU.ActiveCfg = Release|Any CPU
		{9CFAE063-8822-4D97-906D-15201BC94055}.Release|Any CPU.Build.0 = Release|Any CPU
		{BCFAE063-8822-4D97-906D-15201BC94066}.Debug|Any CPU.ActiveCfg = Debug|Any CPU
		{BCFAE063-8822-4D97-906D-15201BC94066}.Debug|Any CPU.Build.0 = Debug|Any CPU
		{BCFAE063-8822-4D97-906D-15201BC94066}.Release|Any CPU.ActiveCfg = Release|Any CPU
		{BCFAE063-8822-4D97-906D-15201BC94066}.Release|Any CPU.Build.0 = Release|Any CPU
		{CCFAE063-8822-4D97-906D-15201BC94077}.Debug|Any CPU.ActiveCfg = Debug|Any CPU
		{CCFAE063-8822-4D97-906D-15201BC94077}.Debug|Any CPU.Build.0 = Debug|Any CPU
		{CCFAE063-8822-4D97-906D-15201BC94077}.Release|Any CPU.ActiveCfg = Release|Any CPU
		{CCFAE063-8822-4D97-906D-15201BC94077}.Release|Any CPU.Build.0 = Release|Any CPU
	EndGlobalSection
	GlobalSection(SolutionProperties) = preSolution
		HideSolutionNode = FALSE
	EndGlobalSection
EndGlobal
